
Microsoft Visual Studio Solution File, Format Version 12.00
# Visual Studio Version 16
VisualStudioVersion = 16.0.30320.27
MinimumVisualStudioVersion = 10.0.40219.1
Project("{9A19103F-16F7-4668-BE54-9A1E7A4F7556}") = "CurrentWeather", "CurrentWeather.csproj", "{50D10CB1-3945-4936-A959-AE1E7922F0D1}"
EndProject
Project("{FAE04EC0-301F-11D3-BF4B-00C04F79EFBC}") = "CurrentWeather.Services", "CurrentWeather.Services\CurrentWeather.Services.csproj", "{ABDD8F26-FC0E-4E97-89F3-043C31908607}"
EndProject
Project("{FAE04EC0-301F-11D3-BF4B-00C04F79EFBC}") = "CurrentWeather.Helpers", "CurrentWeather.Helpers\CurrentWeather.Helpers.csproj", "{4DE9F8CE-C5C9-4427-B3F8-7FABE0CBE428}"
EndProject
Global
	GlobalSection(SolutionConfigurationPlatforms) = preSolution
		Debug|Any CPU = Debug|Any CPU
		Release|Any CPU = Release|Any CPU
	EndGlobalSection
	GlobalSection(ProjectConfigurationPlatforms) = postSolution
		{50D10CB1-3945-4936-A959-AE1E7922F0D1}.Debug|Any CPU.ActiveCfg = Debug|Any CPU
		{50D10CB1-3945-4936-A959-AE1E7922F0D1}.Debug|Any CPU.Build.0 = Debug|Any CPU
		{50D10CB1-3945-4936-A959-AE1E7922F0D1}.Release|Any CPU.ActiveCfg = Release|Any CPU
		{50D10CB1-3945-4936-A959-AE1E7922F0D1}.Release|Any CPU.Build.0 = Release|Any CPU
		{ABDD8F26-FC0E-4E97-89F3-043C31908607}.Debug|Any CPU.ActiveCfg = Debug|Any CPU
		{ABDD8F26-FC0E-4E97-89F3-043C31908607}.Debug|Any CPU.Build.0 = Debug|Any CPU
		{ABDD8F26-FC0E-4E97-89F3-043C31908607}.Release|Any CPU.ActiveCfg = Release|Any CPU
		{ABDD8F26-FC0E-4E97-89F3-043C31908607}.Release|Any CPU.Build.0 = Release|Any CPU
		{4DE9F8CE-C5C9-4427-B3F8-7FABE0CBE428}.Debug|Any CPU.ActiveCfg = Debug|Any CPU
		{4DE9F8CE-C5C9-4427-B3F8-7FABE0CBE428}.Debug|Any CPU.Build.0 = Debug|Any CPU
		{4DE9F8CE-C5C9-4427-B3F8-7FABE0CBE428}.Release|Any CPU.ActiveCfg = Release|Any CPU
		{4DE9F8CE-C5C9-4427-B3F8-7FABE0CBE428}.Release|Any CPU.Build.0 = Release|Any CPU
	EndGlobalSection
	GlobalSection(SolutionProperties) = preSolution
		HideSolutionNode = FALSE
	EndGlobalSection
	GlobalSection(ExtensibilityGlobals) = postSolution
		SolutionGuid = {69D79BBE-A777-43E8-8AD3-70567CD91D8C}
	EndGlobalSection
EndGlobal
